{
  "name": "@mmote/niimbluelib",
  "version": "0.0.1-alpha.24",
  "lockfileVersion": 3,
  "requires": true,
  "packages": {
    "": {
      "name": "@mmote/niimbluelib",
      "version": "0.0.1-alpha.24",
      "license": "MIT",
      "dependencies": {
        "@capacitor-community/bluetooth-le": "^6.0.2",
        "@capacitor/core": "^6.0.0",
        "async-mutex": "^0.5.0",
        "crc-32": "^1.2.2",
        "eventemitter3": "^5.0.1"
      },
      "devDependencies": {
        "@types/node": "^20.14.2",
        "@types/w3c-web-serial": "^1.0.6",
        "@types/web-bluetooth": "^0.0.20",
        "typescript": "^5.4.5"
      }
    },
    "node_modules/@capacitor-community/bluetooth-le": {
      "version": "6.1.0",
      "resolved": "https://registry.npmjs.org/@capacitor-community/bluetooth-le/-/bluetooth-le-6.1.0.tgz",
      "integrity": "sha512-hnNChEwV+xNOVqDYI4bfkQtFtvEyzBMlgYs+6xsLYTJVl0v8h6Hn3nCwjW9l6LH0tMzYaRYlFLCiGHKPHt1N0Q==",
      "dependencies": {
        "@types/web-bluetooth": "^0.0.20"
      },
      "peerDependencies": {
        "@capacitor/core": "^6.0.0"
      }
    },
    "node_modules/@capacitor/core": {
      "version": "6.2.0",
      "resolved": "https://registry.npmjs.org/@capacitor/core/-/core-6.2.0.tgz",
      "integrity": "sha512-B9IlJtDpUqhhYb+T8+cp2Db/3RETX36STgjeU2kQZBs/SLAcFiMama227o+msRjLeo3DO+7HJjWVA1+XlyyPEg==",
      "dependencies": {
        "tslib": "^2.1.0"
      }
    },
    "node_modules/@types/node": {
      "version": "20.17.19",
      "resolved": "https://registry.npmjs.org/@types/node/-/node-20.17.19.tgz",
      "integrity": "sha512-LEwC7o1ifqg/6r2gn9Dns0f1rhK+fPFDoMiceTJ6kWmVk6bgXBI/9IOWfVan4WiAavK9pIVWdX0/e3J+eEUh5A==",
      "dev": true,
      "dependencies": {
        "undici-types": "~6.19.2"
      }
    },
    "node_modules/@types/w3c-web-serial": {
      "version": "1.0.7",
      "resolved": "https://registry.npmjs.org/@types/w3c-web-serial/-/w3c-web-serial-1.0.7.tgz",
      "integrity": "sha512-jzcwm//EZ0Z306L1/O1GXC3GthRd//9eaNB4/Yagm98UjEQViTzDS8bYvL+y+rTk1r9OFt9Yhp5pprUQFzSiiQ==",
      "dev": true
    },
    "node_modules/@types/web-bluetooth": {
      "version": "0.0.20",
      "resolved": "https://registry.npmjs.org/@types/web-bluetooth/-/web-bluetooth-0.0.20.tgz",
      "integrity": "sha512-g9gZnnXVq7gM7v3tJCWV/qw7w+KeOlSHAhgF9RytFyifW6AF61hdT2ucrYhPq9hLs5JIryeupHV3qGk95dH9ow=="
    },
    "node_modules/async-mutex": {
      "version": "0.5.0",
      "resolved": "https://registry.npmjs.org/async-mutex/-/async-mutex-0.5.0.tgz",
      "integrity": "sha512-1A94B18jkJ3DYq284ohPxoXbfTA5HsQ7/Mf4DEhcyLx3Bz27Rh59iScbB6EPiP+B+joue6YCxcMXSbFC1tZKwA==",
      "dependencies": {
        "tslib": "^2.4.0"
      }
    },
    "node_modules/crc-32": {
      "version": "1.2.2",
      "resolved": "https://registry.npmjs.org/crc-32/-/crc-32-1.2.2.tgz",
      "integrity": "sha512-ROmzCKrTnOwybPcJApAA6WBWij23HVfGVNKqqrZpuyZOHqK2CwHSvpGuyt/UNNvaIjEd8X5IFGp4Mh+Ie1IHJQ==",
      "bin": {
        "crc32": "bin/crc32.njs"
      },
      "engines": {
        "node": ">=0.8"
      }
    },
    "node_modules/eventemitter3": {
      "version": "5.0.1",
      "resolved": "https://registry.npmjs.org/eventemitter3/-/eventemitter3-5.0.1.tgz",
      "integrity": "sha512-GWkBvjiSZK87ELrYOSESUYeVIc9mvLLf/nXalMOS5dYrgZq9o5OVkbZAVM06CVxYsCwH9BDZFPlQTlPA1j4ahA=="
    },
    "node_modules/tslib": {
      "version": "2.8.1",
      "resolved": "https://registry.npmjs.org/tslib/-/tslib-2.8.1.tgz",
      "integrity": "sha512-oJFu94HQb+KVduSUQL7wnpmqnfmLsOA/nAh6b6EH0wCEoK0/mPeXU6c3wKDV83MkOuHPRHtSXKKU99IBazS/2w=="
    },
    "node_modules/typescript": {
      "version": "5.7.3",
      "resolved": "https://registry.npmjs.org/typescript/-/typescript-5.7.3.tgz",
      "integrity": "sha512-84MVSjMEHP+FQRPy3pX9sTVV/INIex71s9TL2Gm5FG/WG1SqXeKyZ0k7/blY/4FdOzI12CBy1vGc4og/eus0fw==",
      "dev": true,
      "bin": {
        "tsc": "bin/tsc",
        "tsserver": "bin/tsserver"
      },
      "engines": {
        "node": ">=14.17"
      }
    },
    "node_modules/undici-types": {
      "version": "6.19.8",
      "resolved": "https://registry.npmjs.org/undici-types/-/undici-types-6.19.8.tgz",
      "integrity": "sha512-ve2KP6f/JnbPBFyobGHuerC9g1FYGn/F8n1LWTwNxCEzd6IfqTwUQcNXgEtmmQ6DlRrC1hrSrBnCZPokRrDHjw==",
      "dev": true
    }
  }
}
